# This file is autogenerated, do not edit; changes may be undone by the next 'dep ensure'.


[[projects]]
  branch = "master"
  digest = "1:8f3214f9c87b1157cd6bd82d8a37478455c368722ca59ec6c829829f44aad966"
  name = "github.com/miton18/go-warp10"
  packages = ["base"]
  pruneopts = "UT"
  revision = "5c2e00e60262d96d1b49f6a3ddbeb59806718b27"

[solve-meta]
  analyzer-name = "dep"
  analyzer-version = 1
  input-imports = ["github.com/miton18/go-warp10/base"]
  solver-name = "gps-cdcl"
  solver-version = 1
